
Microsoft Visual Studio Solution File, Format Version 12.00
# Visual Studio Version 16
VisualStudioVersion = 16.0.30503.244
MinimumVisualStudioVersion = 10.0.40219.1
Project("{FAE04EC0-301F-11D3-BF4B-00C04F79EFBC}") = "ArraysLists", "ArraysLists\ArraysLists.csproj", "{F9C9ECD3-B441-4392-A744-9E2BAE1DF38B}"
EndProject
Global
	GlobalSection(SolutionConfigurationPlatforms) = preSolution
		Debug|Any CPU = Debug|Any CPU
		Release|Any CPU = Release|Any CPU
	EndGlobalSection
	GlobalSection(ProjectConfigurationPlatforms) = postSolution
		{F9C9ECD3-B441-4392-A744-9E2BAE1DF38B}.Debug|Any CPU.ActiveCfg = Debug|Any CPU
		{F9C9ECD3-B441-4392-A744-9E2BAE1DF38B}.Debug|Any CPU.Build.0 = Debug|Any CPU
		{F9C9ECD3-B441-4392-A744-9E2BAE1DF38B}.Release|Any CPU.ActiveCfg = Release|Any CPU
		{F9C9ECD3-B441-4392-A744-9E2BAE1DF38B}.Release|Any CPU.Build.0 = Release|Any CPU
	EndGlobalSection
	GlobalSection(SolutionProperties) = preSolution
		HideSolutionNode = FALSE
	EndGlobalSection
	GlobalSection(ExtensibilityGlobals) = postSolution
		SolutionGuid = {6DDFD3C7-AAAA-479F-AB9B-089C459CF5E8}
	EndGlobalSection
EndGlobal
