
Microsoft Visual Studio Solution File, Format Version 12.00
# Visual Studio Version 16
VisualStudioVersion = 16.0.30503.244
MinimumVisualStudioVersion = 10.0.40219.1
Project("{FAE04EC0-301F-11D3-BF4B-00C04F79EFBC}") = "ConsoleDoWhileBool", "ConsoleDoWhileBool\ConsoleDoWhileBool.csproj", "{FF7683FB-658F-4551-91C0-F9A5EFB7D50E}"
EndProject
Global
	GlobalSection(SolutionConfigurationPlatforms) = preSolution
		Debug|Any CPU = Debug|Any CPU
		Release|Any CPU = Release|Any CPU
	EndGlobalSection
	GlobalSection(ProjectConfigurationPlatforms) = postSolution
		{FF7683FB-658F-4551-91C0-F9A5EFB7D50E}.Debug|Any CPU.ActiveCfg = Debug|Any CPU
		{FF7683FB-658F-4551-91C0-F9A5EFB7D50E}.Debug|Any CPU.Build.0 = Debug|Any CPU
		{FF7683FB-658F-4551-91C0-F9A5EFB7D50E}.Release|Any CPU.ActiveCfg = Release|Any CPU
		{FF7683FB-658F-4551-91C0-F9A5EFB7D50E}.Release|Any CPU.Build.0 = Release|Any CPU
	EndGlobalSection
	GlobalSection(SolutionProperties) = preSolution
		HideSolutionNode = FALSE
	EndGlobalSection
	GlobalSection(ExtensibilityGlobals) = postSolution
		SolutionGuid = {3230817A-B1A1-4CFB-A6A6-E5AA72B47194}
	EndGlobalSection
EndGlobal
